
Microsoft Visual Studio Solution File, Format Version 12.00
# Visual Studio Version 17
VisualStudioVersion = 17.5.33424.131
MinimumVisualStudioVersion = 10.0.40219.1
Project("{9A19103F-16F7-4668-BE54-9A1E7A4F7556}") = "WebApplicationeEngineDemo", "WebApplicationeEngineDemo.csproj", "{252D9ABD-AF2B-4D0D-AA95-73BBA4C43DA0}"
EndProject
Global
	GlobalSection(SolutionConfigurationPlatforms) = preSolution
		Debug|Any CPU = Debug|Any CPU
		Release|Any CPU = Release|Any CPU
	EndGlobalSection
	GlobalSection(ProjectConfigurationPlatforms) = postSolution
		{252D9ABD-AF2B-4D0D-AA95-73BBA4C43DA0}.Debug|Any CPU.ActiveCfg = Debug|Any CPU
		{252D9ABD-AF2B-4D0D-AA95-73BBA4C43DA0}.Debug|Any CPU.Build.0 = Debug|Any CPU
		{252D9ABD-AF2B-4D0D-AA95-73BBA4C43DA0}.Release|Any CPU.ActiveCfg = Release|Any CPU
		{252D9ABD-AF2B-4D0D-AA95-73BBA4C43DA0}.Release|Any CPU.Build.0 = Release|Any CPU
	EndGlobalSection
	GlobalSection(SolutionProperties) = preSolution
		HideSolutionNode = FALSE
	EndGlobalSection
	GlobalSection(ExtensibilityGlobals) = postSolution
		SolutionGuid = {FC6E2C87-1EE3-4C2B-A8CF-E9E0C938791E}
	EndGlobalSection
EndGlobal
